{
  "name": "isit2022yet",
  "version": "1.0.0",
  "lockfileVersion": 1,
  "requires": true,
  "dependencies": {
    "@tsconfig/node10": {
      "version": "1.0.8",
      "resolved": "https://packages.atlassian.com/api/npm/npm-remote/@tsconfig/node10/-/node10-1.0.8.tgz",
      "integrity": "sha1-weToDW+WT77LM1nEO9SLQPfK2tk=",
      "dev": true
    },
    "@tsconfig/node12": {
      "version": "1.0.9",
      "resolved": "https://packages.atlassian.com/api/npm/npm-remote/@tsconfig/node12/-/node12-1.0.9.tgz",
      "integrity": "sha1-YsH23uLr2a6tgNw6+laBDljhoEw=",
      "dev": true
    },
    "@tsconfig/node14": {
      "version": "1.0.1",
      "resolved": "https://packages.atlassian.com/api/npm/npm-remote/@tsconfig/node14/-/node14-1.0.1.tgz",
      "integrity": "sha1-lfLRZ/+5uNIGiwsjUwL6/U33EfI=",
      "dev": true
    },
    "@tsconfig/node16": {
      "version": "1.0.1",
      "resolved": "https://packages.atlassian.com/api/npm/npm-remote/@tsconfig/node16/-/node16-1.0.1.tgz",
      "integrity": "sha1-pspqmg/zZq9DP0L18OEkeU/2uPE=",
      "dev": true
    },
    "@types/component-emitter": {
      "version": "1.2.10",
      "resolved": "https://packages.atlassian.com/api/npm/npm-remote/@types/component-emitter/-/component-emitter-1.2.10.tgz",
      "integrity": "sha1-71sVibnxZURkLkc9tepWORB+8+o="
    },
    "@types/cookie": {
      "version": "0.4.1",
      "resolved": "https://packages.atlassian.com/api/npm/npm-remote/@types/cookie/-/cookie-0.4.1.tgz",
      "integrity": "sha1-v9AsHyIkVnZ2wVRRmfh8OoYdh40="
    },
    "@types/cors": {
      "version": "2.8.12",
      "resolved": "https://packages.atlassian.com/api/npm/npm-remote/@types/cors/-/cors-2.8.12.tgz",
      "integrity": "sha1-ayxRCnrXA56Y57jT1lmPQ1nlwIA="
    },
    "@types/node": {
      "version": "16.3.3",
      "resolved": "https://packages.atlassian.com/api/npm/npm-remote/@types/node/-/node-16.3.3.tgz",
      "integrity": "sha1-DDCt/ze7vHpQ65tY+uKlBNDYgDg="
    },
    "@types/prop-types": {
      "version": "15.7.4",
      "resolved": "https://packages.atlassian.com/api/npm/npm-remote/@types/prop-types/-/prop-types-15.7.4.tgz",
      "integrity": "sha1-/PcgXCXf95Xuea8eMNosl5CAjxE=",
      "dev": true
    },
    "@types/react": {
      "version": "17.0.14",
      "resolved": "https://packages.atlassian.com/api/npm/npm-remote/@types/react/-/react-17.0.14.tgz",
      "integrity": "sha1-8GKXYcoClFxOj+qZuBd/TFxh+w8=",
      "dev": true,
      "requires": {
        "@types/prop-types": "*",
        "@types/scheduler": "*",
        "csstype": "^3.0.2"
      }
    },
    "@types/scheduler": {
      "version": "0.16.2",
      "resolved": "https://packages.atlassian.com/api/npm/npm-remote/@types/scheduler/-/scheduler-0.16.2.tgz",
      "integrity": "sha1-GmL4lSVyPd4kuhsBsJK/XfitTTk=",
      "dev": true
    },
    "accepts": {
      "version": "1.3.7",
      "resolved": "https://packages.atlassian.com/api/npm/npm-remote/accepts/-/accepts-1.3.7.tgz",
      "integrity": "sha1-UxvHJlF6OytB+FACHGzBXqq1B80=",
      "requires": {
        "mime-types": "~2.1.24",
        "negotiator": "0.6.2"
      }
    },
    "arg": {
      "version": "4.1.3",
      "resolved": "https://packages.atlassian.com/api/npm/npm-remote/arg/-/arg-4.1.3.tgz",
      "integrity": "sha1-Jp/HrVuOQstjyJbVZmAXJhwUQIk=",
      "dev": true
    },
    "array-flatten": {
      "version": "1.1.1",
      "resolved": "https://packages.atlassian.com/api/npm/npm-remote/array-flatten/-/array-flatten-1.1.1.tgz",
      "integrity": "sha1-ml9pkFGx5wczKPKgCJaLZOopVdI="
    },
    "backo2": {
      "version": "1.0.2",
      "resolved": "https://packages.atlassian.com/api/npm/npm-remote/backo2/-/backo2-1.0.2.tgz",
      "integrity": "sha1-MasayLEpNjRj41s+u2n038+6eUc="
    },
    "base64-arraybuffer": {
      "version": "0.1.4",
      "resolved": "https://packages.atlassian.com/api/npm/npm-remote/base64-arraybuffer/-/base64-arraybuffer-0.1.4.tgz",
      "integrity": "sha1-mBjHngWbE1X5fgQooBfIOOkLqBI="
    },
    "base64id": {
      "version": "2.0.0",
      "resolved": "https://packages.atlassian.com/api/npm/npm-remote/base64id/-/base64id-2.0.0.tgz",
      "integrity": "sha1-J3Csa8R9MSr5eov5pjQ0LgzSXLY="
    },
    "body-parser": {
      "version": "1.19.0",
      "resolved": "https://packages.atlassian.com/api/npm/npm-remote/body-parser/-/body-parser-1.19.0.tgz",
      "integrity": "sha1-lrJwnlfJxOCab9Zqj9l5hE9p8Io=",
      "requires": {
        "bytes": "3.1.0",
        "content-type": "~1.0.4",
        "debug": "2.6.9",
        "depd": "~1.1.2",
        "http-errors": "1.7.2",
        "iconv-lite": "0.4.24",
        "on-finished": "~2.3.0",
        "qs": "6.7.0",
        "raw-body": "2.4.0",
        "type-is": "~1.6.17"
      }
    },
    "buffer-from": {
      "version": "1.1.1",
      "resolved": "https://packages.atlassian.com/api/npm/npm-remote/buffer-from/-/buffer-from-1.1.1.tgz",
      "integrity": "sha1-MnE7wCj3XAL9txDXx7zsHyxgcO8=",
      "dev": true
    },
    "bytes": {
      "version": "3.1.0",
      "resolved": "https://packages.atlassian.com/api/npm/npm-remote/bytes/-/bytes-3.1.0.tgz",
      "integrity": "sha1-9s95M6Ng4FiPqf3oVlHNx/gF0fY="
    },
    "component-emitter": {
      "version": "1.3.0",
      "resolved": "https://packages.atlassian.com/api/npm/npm-remote/component-emitter/-/component-emitter-1.3.0.tgz",
      "integrity": "sha1-FuQHD7qK4ptnnyIVhT7hgasuq8A="
    },
    "content-disposition": {
      "version": "0.5.3",
      "resolved": "https://packages.atlassian.com/api/npm/npm-remote/content-disposition/-/content-disposition-0.5.3.tgz",
      "integrity": "sha1-4TDK9+cnkIfFYWwgB9BIVpiYT70=",
      "requires": {
        "safe-buffer": "5.1.2"
      }
    },
    "content-type": {
      "version": "1.0.4",
      "resolved": "https://packages.atlassian.com/api/npm/npm-remote/content-type/-/content-type-1.0.4.tgz",
      "integrity": "sha1-4TjMdeBAxyexlm/l5fjJruJW/js="
    },
    "cookie": {
      "version": "0.4.0",
      "resolved": "https://packages.atlassian.com/api/npm/npm-remote/cookie/-/cookie-0.4.0.tgz",
      "integrity": "sha1-vrQ35wIrO21JAZ0IhmUwPr6cFLo="
    },
    "cookie-signature": {
      "version": "1.0.6",
      "resolved": "https://packages.atlassian.com/api/npm/npm-remote/cookie-signature/-/cookie-signature-1.0.6.tgz",
      "integrity": "sha1-4wOogrNCzD7oylE6eZmXNNqzriw="
    },
    "cors": {
      "version": "2.8.5",
      "resolved": "https://packages.atlassian.com/api/npm/npm-remote/cors/-/cors-2.8.5.tgz",
      "integrity": "sha1-6sEdpRWS3Ya58G9uesKTs9+HXSk=",
      "requires": {
        "object-assign": "^4",
        "vary": "^1"
      }
    },
    "create-require": {
      "version": "1.1.1",
      "resolved": "https://packages.atlassian.com/api/npm/npm-remote/create-require/-/create-require-1.1.1.tgz",
      "integrity": "sha1-wdfo8eX2z8n/ZfnNNS03NIdWwzM=",
      "dev": true
    },
    "csstype": {
      "version": "3.0.8",
      "resolved": "https://packages.atlassian.com/api/npm/npm-remote/csstype/-/csstype-3.0.8.tgz",
      "integrity": "sha1-0iZqeScp+yJ80hb7Vy9Dco4a00A=",
      "dev": true
    },
    "date-fns": {
      "version": "2.22.1",
      "resolved": "https://packages.atlassian.com/api/npm/npm-remote/date-fns/-/date-fns-2.22.1.tgz",
      "integrity": "sha1-Hlr5WYMeux2CmSv2e3ZQUtjw78Q="
    },
    "debug": {
      "version": "2.6.9",
      "resolved": "https://packages.atlassian.com/api/npm/npm-remote/debug/-/debug-2.6.9.tgz",
      "integrity": "sha1-XRKFFd8TT/Mn6QpMk/Tgd6U2NB8=",
      "requires": {
        "ms": "2.0.0"
      }
    },
    "depd": {
      "version": "1.1.2",
      "resolved": "https://packages.atlassian.com/api/npm/npm-remote/depd/-/depd-1.1.2.tgz",
      "integrity": "sha1-m81S4UwJd2PnSbJ0xDRu0uVgtak="
    },
    "destroy": {
      "version": "1.0.4",
      "resolved": "https://packages.atlassian.com/api/npm/npm-remote/destroy/-/destroy-1.0.4.tgz",
      "integrity": "sha1-l4hXRCxEdJ5CBmE+N5RiBYJqvYA="
    },
    "diff": {
      "version": "4.0.2",
      "resolved": "https://packages.atlassian.com/api/npm/npm-remote/diff/-/diff-4.0.2.tgz",
      "integrity": "sha1-YPOuy4nV+uUgwRqhnvwruYKq3n0=",
      "dev": true
    },
    "ee-first": {
      "version": "1.1.1",
      "resolved": "https://packages.atlassian.com/api/npm/npm-remote/ee-first/-/ee-first-1.1.1.tgz",
      "integrity": "sha1-WQxhFWsK4vTwJVcyoViyZrxWsh0="
    },
    "encodeurl": {
      "version": "1.0.2",
      "resolved": "https://packages.atlassian.com/api/npm/npm-remote/encodeurl/-/encodeurl-1.0.2.tgz",
      "integrity": "sha1-rT/0yG7C0CkyL1oCw6mmBslbP1k="
    },
    "engine.io": {
      "version": "5.1.1",
      "resolved": "https://packages.atlassian.com/api/npm/npm-remote/engine.io/-/engine.io-5.1.1.tgz",
      "integrity": "sha1-ofl+Ud3xDL1NuLX/SxZarTdgzdM=",
      "requires": {
        "accepts": "~1.3.4",
        "base64id": "2.0.0",
        "cookie": "~0.4.1",
        "cors": "~2.8.5",
        "debug": "~4.3.1",
        "engine.io-parser": "~4.0.0",
        "ws": "~7.4.2"
      },
      "dependencies": {
        "cookie": {
          "version": "0.4.1",
          "resolved": "https://packages.atlassian.com/api/npm/npm-remote/cookie/-/cookie-0.4.1.tgz",
          "integrity": "sha1-r9cT/ibr0hupXOth+agRblClN9E="
        },
        "debug": {
          "version": "4.3.2",
          "resolved": "https://packages.atlassian.com/api/npm/npm-remote/debug/-/debug-4.3.2.tgz",
          "integrity": "sha1-8KScGKyHeeMdSgxgKd+3aHPHQos=",
          "requires": {
            "ms": "2.1.2"
          }
        },
        "ms": {
          "version": "2.1.2",
          "resolved": "https://packages.atlassian.com/api/npm/npm-remote/ms/-/ms-2.1.2.tgz",
          "integrity": "sha1-0J0fNXtEP0kzgqjrPM0YOHKuYAk="
        }
      }
    },
    "engine.io-client": {
      "version": "5.1.2",
      "resolved": "https://packages.atlassian.com/api/npm/npm-remote/engine.io-client/-/engine.io-client-5.1.2.tgz",
      "integrity": "sha1-JxCNqbOa4DJiRD2UXK8sqjZVxMs=",
      "requires": {
        "base64-arraybuffer": "0.1.4",
        "component-emitter": "~1.3.0",
        "debug": "~4.3.1",
        "engine.io-parser": "~4.0.1",
        "has-cors": "1.1.0",
        "parseqs": "0.0.6",
        "parseuri": "0.0.6",
        "ws": "~7.4.2",
        "yeast": "0.1.2"
      },
      "dependencies": {
        "debug": {
          "version": "4.3.2",
          "resolved": "https://packages.atlassian.com/api/npm/npm-remote/debug/-/debug-4.3.2.tgz",
          "integrity": "sha1-8KScGKyHeeMdSgxgKd+3aHPHQos=",
          "requires": {
            "ms": "2.1.2"
          }
        },
        "ms": {
          "version": "2.1.2",
          "resolved": "https://packages.atlassian.com/api/npm/npm-remote/ms/-/ms-2.1.2.tgz",
          "integrity": "sha1-0J0fNXtEP0kzgqjrPM0YOHKuYAk="
        }
      }
    },
    "engine.io-parser": {
      "version": "4.0.2",
      "resolved": "https://packages.atlassian.com/api/npm/npm-remote/engine.io-parser/-/engine.io-parser-4.0.2.tgz",
      "integrity": "sha1-5B0LP7Zve/SjZx0gOKFUAk7bUB4=",
      "requires": {
        "base64-arraybuffer": "0.1.4"
      }
    },
    "escape-html": {
      "version": "1.0.3",
      "resolved": "https://packages.atlassian.com/api/npm/npm-remote/escape-html/-/escape-html-1.0.3.tgz",
      "integrity": "sha1-Aljq5NPQwJdN4cFpGI7wBR0dGYg="
    },
    "etag": {
      "version": "1.8.1",
      "resolved": "https://packages.atlassian.com/api/npm/npm-remote/etag/-/etag-1.8.1.tgz",
      "integrity": "sha1-Qa4u62XvpiJorr/qg6x9eSmbCIc="
    },
    "express": {
      "version": "4.17.1",
      "resolved": "https://packages.atlassian.com/api/npm/npm-remote/express/-/express-4.17.1.tgz",
      "integrity": "sha1-RJH8OGBc9R+GKdOcK10Cb5ikwTQ=",
      "requires": {
        "accepts": "~1.3.7",
        "array-flatten": "1.1.1",
        "body-parser": "1.19.0",
        "content-disposition": "0.5.3",
        "content-type": "~1.0.4",
        "cookie": "0.4.0",
        "cookie-signature": "1.0.6",
        "debug": "2.6.9",
        "depd": "~1.1.2",
        "encodeurl": "~1.0.2",
        "escape-html": "~1.0.3",
        "etag": "~1.8.1",
        "finalhandler": "~1.1.2",
        "fresh": "0.5.2",
        "merge-descriptors": "1.0.1",
        "methods": "~1.1.2",
        "on-finished": "~2.3.0",
        "parseurl": "~1.3.3",
        "path-to-regexp": "0.1.7",
        "proxy-addr": "~2.0.5",
        "qs": "6.7.0",
        "range-parser": "~1.2.1",
        "safe-buffer": "5.1.2",
        "send": "0.17.1",
        "serve-static": "1.14.1",
        "setprototypeof": "1.1.1",
        "statuses": "~1.5.0",
        "type-is": "~1.6.18",
        "utils-merge": "1.0.1",
        "vary": "~1.1.2"
      }
    },
    "finalhandler": {
      "version": "1.1.2",
      "resolved": "https://packages.atlassian.com/api/npm/npm-remote/finalhandler/-/finalhandler-1.1.2.tgz",
      "integrity": "sha1-t+fQAP/RGTjQ/bBTUG9uur6fWH0=",
      "requires": {
        "debug": "2.6.9",
        "encodeurl": "~1.0.2",
        "escape-html": "~1.0.3",
        "on-finished": "~2.3.0",
        "parseurl": "~1.3.3",
        "statuses": "~1.5.0",
        "unpipe": "~1.0.0"
      }
    },
    "forwarded": {
      "version": "0.2.0",
      "resolved": "https://packages.atlassian.com/api/npm/npm-remote/forwarded/-/forwarded-0.2.0.tgz",
      "integrity": "sha1-ImmTZCiq1MFcfr6XeahL8LKoGBE="
    },
    "fresh": {
      "version": "0.5.2",
      "resolved": "https://packages.atlassian.com/api/npm/npm-remote/fresh/-/fresh-0.5.2.tgz",
      "integrity": "sha1-PYyt2Q2XZWn6g1qx+OSyOhBWBac="
    },
    "has-cors": {
      "version": "1.1.0",
      "resolved": "https://packages.atlassian.com/api/npm/npm-remote/has-cors/-/has-cors-1.1.0.tgz",
      "integrity": "sha1-XkdHk/fqmEPRu5nCPu9J/xJv/zk="
    },
    "http-errors": {
      "version": "1.7.2",
      "resolved": "https://packages.atlassian.com/api/npm/npm-remote/http-errors/-/http-errors-1.7.2.tgz",
      "integrity": "sha1-T1ApzxMjnzEDblsuVSkrz7zIXI8=",
      "requires": {
        "depd": "~1.1.2",
        "inherits": "2.0.3",
        "setprototypeof": "1.1.1",
        "statuses": ">= 1.5.0 < 2",
        "toidentifier": "1.0.0"
      }
    },
    "iconv-lite": {
      "version": "0.4.24",
      "resolved": "https://packages.atlassian.com/api/npm/npm-remote/iconv-lite/-/iconv-lite-0.4.24.tgz",
      "integrity": "sha1-ICK0sl+93CHS9SSXSkdKr+czkIs=",
      "requires": {
        "safer-buffer": ">= 2.1.2 < 3"
      }
    },
    "inherits": {
      "version": "2.0.3",
      "resolved": "https://packages.atlassian.com/api/npm/npm-remote/inherits/-/inherits-2.0.3.tgz",
      "integrity": "sha1-Yzwsg+PaQqUC9SRmAiSA9CCCYd4="
    },
    "ipaddr.js": {
      "version": "1.9.1",
      "resolved": "https://packages.atlassian.com/api/npm/npm-remote/ipaddr.js/-/ipaddr.js-1.9.1.tgz",
      "integrity": "sha1-v/OFQ+64mEglB5/zoqjmy9RngbM="
    },
    "js-tokens": {
      "version": "4.0.0",
      "resolved": "https://packages.atlassian.com/api/npm/npm-remote/js-tokens/-/js-tokens-4.0.0.tgz",
      "integrity": "sha1-GSA/tZmR35jjoocFDUZHzerzJJk="
    },
    "loose-envify": {
      "version": "1.4.0",
      "resolved": "https://packages.atlassian.com/api/npm/npm-remote/loose-envify/-/loose-envify-1.4.0.tgz",
      "integrity": "sha1-ce5R+nvkyuwaY4OffmgtgTLTDK8=",
      "requires": {
        "js-tokens": "^3.0.0 || ^4.0.0"
      }
    },
    "make-error": {
      "version": "1.3.6",
      "resolved": "https://packages.atlassian.com/api/npm/npm-remote/make-error/-/make-error-1.3.6.tgz",
      "integrity": "sha1-LrLjfqm2fEiR9oShOUeZr0hM96I=",
      "dev": true
    },
    "media-typer": {
      "version": "0.3.0",
      "resolved": "https://packages.atlassian.com/api/npm/npm-remote/media-typer/-/media-typer-0.3.0.tgz",
      "integrity": "sha1-hxDXrwqmJvj/+hzgAWhUUmMlV0g="
    },
    "merge-descriptors": {
      "version": "1.0.1",
      "resolved": "https://packages.atlassian.com/api/npm/npm-remote/merge-descriptors/-/merge-descriptors-1.0.1.tgz",
      "integrity": "sha1-sAqqVW3YtEVoFQ7J0blT8/kMu2E="
    },
    "methods": {
      "version": "1.1.2",
      "resolved": "https://packages.atlassian.com/api/npm/npm-remote/methods/-/methods-1.1.2.tgz",
      "integrity": "sha1-VSmk1nZUE07cxSZmVoNbD4Ua/O4="
    },
    "mime": {
      "version": "1.6.0",
      "resolved": "https://packages.atlassian.com/api/npm/npm-remote/mime/-/mime-1.6.0.tgz",
      "integrity": "sha1-Ms2eXGRVO9WNGaVor0Uqz/BJgbE="
    },
    "mime-db": {
      "version": "1.48.0",
      "resolved": "https://packages.atlassian.com/api/npm/npm-remote/mime-db/-/mime-db-1.48.0.tgz",
      "integrity": "sha1-41sxBF3X6to6qtU37YijOvvvLR0="
    },
    "mime-types": {
      "version": "2.1.31",
      "resolved": "https://packages.atlassian.com/api/npm/npm-remote/mime-types/-/mime-types-2.1.31.tgz",
      "integrity": "sha1-oA12t0MXxh+cLbIhi46fjpxcnms=",
      "requires": {
        "mime-db": "1.48.0"
      }
    },
    "ms": {
      "version": "2.0.0",
      "resolved": "https://packages.atlassian.com/api/npm/npm-remote/ms/-/ms-2.0.0.tgz",
      "integrity": "sha1-VgiurfwAvmwpAd9fmGF4jeDVl8g="
    },
    "negotiator": {
      "version": "0.6.2",
      "resolved": "https://packages.atlassian.com/api/npm/npm-remote/negotiator/-/negotiator-0.6.2.tgz",
      "integrity": "sha1-/qz3zPUlp3rpY0Q2pkiD/+yjRvs="
    },
    "object-assign": {
      "version": "4.1.1",
      "resolved": "https://packages.atlassian.com/api/npm/npm-remote/object-assign/-/object-assign-4.1.1.tgz",
      "integrity": "sha1-IQmtx5ZYh8/AXLvUQsrIv7s2CGM="
    },
    "on-finished": {
      "version": "2.3.0",
      "resolved": "https://packages.atlassian.com/api/npm/npm-remote/on-finished/-/on-finished-2.3.0.tgz",
      "integrity": "sha1-IPEzZIGwg811M3mSoWlxqi2QaUc=",
      "requires": {
        "ee-first": "1.1.1"
      }
    },
    "parseqs": {
      "version": "0.0.6",
      "resolved": "https://packages.atlassian.com/api/npm/npm-remote/parseqs/-/parseqs-0.0.6.tgz",
      "integrity": "sha1-jku1oZ0c3IRKCKyXTTTic6+mcNU="
    },
    "parseuri": {
      "version": "0.0.6",
      "resolved": "https://packages.atlassian.com/api/npm/npm-remote/parseuri/-/parseuri-0.0.6.tgz",
      "integrity": "sha1-4Ulugp46wv9H85pN0ESzKCPEolo="
    },
    "parseurl": {
      "version": "1.3.3",
      "resolved": "https://packages.atlassian.com/api/npm/npm-remote/parseurl/-/parseurl-1.3.3.tgz",
      "integrity": "sha1-naGee+6NEt/wUT7Vt2lXeTvC6NQ="
    },
    "path-to-regexp": {
      "version": "0.1.7",
      "resolved": "https://packages.atlassian.com/api/npm/npm-remote/path-to-regexp/-/path-to-regexp-0.1.7.tgz",
      "integrity": "sha1-32BBeABfUi8V60SQ5yR6G/qmf4w="
    },
    "proxy-addr": {
      "version": "2.0.7",
      "resolved": "https://packages.atlassian.com/api/npm/npm-remote/proxy-addr/-/proxy-addr-2.0.7.tgz",
      "integrity": "sha1-8Z/mnOqzEe65S0LnDowgcPm6ECU=",
      "requires": {
        "forwarded": "0.2.0",
        "ipaddr.js": "1.9.1"
      }
    },
    "qs": {
      "version": "6.7.0",
      "resolved": "https://packages.atlassian.com/api/npm/npm-remote/qs/-/qs-6.7.0.tgz",
      "integrity": "sha1-QdwaAV49WB8WIXdr4xr7KHapsbw="
    },
    "range-parser": {
      "version": "1.2.1",
      "resolved": "https://packages.atlassian.com/api/npm/npm-remote/range-parser/-/range-parser-1.2.1.tgz",
      "integrity": "sha1-PPNwI9GZ4cJNGlW4SADC8+ZGgDE="
    },
    "raw-body": {
      "version": "2.4.0",
      "resolved": "https://packages.atlassian.com/api/npm/npm-remote/raw-body/-/raw-body-2.4.0.tgz",
      "integrity": "sha1-oc5vucm8NWylLoklarWQWeE9AzI=",
      "requires": {
        "bytes": "3.1.0",
        "http-errors": "1.7.2",
        "iconv-lite": "0.4.24",
        "unpipe": "1.0.0"
      }
    },
    "react": {
      "version": "17.0.2",
      "resolved": "https://packages.atlassian.com/api/npm/npm-remote/react/-/react-17.0.2.tgz",
      "integrity": "sha1-0LXMUW0p6z7uOD91tihkz7aAADc=",
      "requires": {
        "loose-envify": "^1.1.0",
        "object-assign": "^4.1.1"
      }
    },
    "react-dom": {
      "version": "17.0.2",
      "resolved": "https://packages.atlassian.com/api/npm/npm-remote/react-dom/-/react-dom-17.0.2.tgz",
      "integrity": "sha1-7P+2hF462Nv83EmPDQqTlzZQLCM=",
      "requires": {
        "loose-envify": "^1.1.0",
        "object-assign": "^4.1.1",
        "scheduler": "^0.20.2"
      }
    },
    "safe-buffer": {
      "version": "5.1.2",
      "resolved": "https://packages.atlassian.com/api/npm/npm-remote/safe-buffer/-/safe-buffer-5.1.2.tgz",
      "integrity": "sha1-mR7GnSluAxN0fVm9/St0XDX4go0="
    },
    "safer-buffer": {
      "version": "2.1.2",
      "resolved": "https://packages.atlassian.com/api/npm/npm-remote/safer-buffer/-/safer-buffer-2.1.2.tgz",
      "integrity": "sha1-RPoWGwGHuVSd2Eu5GAL5vYOFzWo="
    },
    "scheduler": {
      "version": "0.20.2",
      "resolved": "https://packages.atlassian.com/api/npm/npm-remote/scheduler/-/scheduler-0.20.2.tgz",
      "integrity": "sha1-S67jlDbjSqk7SHS93L8P6Li1DpE=",
      "requires": {
        "loose-envify": "^1.1.0",
        "object-assign": "^4.1.1"
      }
    },
    "send": {
      "version": "0.17.1",
      "resolved": "https://packages.atlassian.com/api/npm/npm-remote/send/-/send-0.17.1.tgz",
      "integrity": "sha1-wdiwWfeQD3Rm3Uk4vcROEd2zdsg=",
      "requires": {
        "debug": "2.6.9",
        "depd": "~1.1.2",
        "destroy": "~1.0.4",
        "encodeurl": "~1.0.2",
        "escape-html": "~1.0.3",
        "etag": "~1.8.1",
        "fresh": "0.5.2",
        "http-errors": "~1.7.2",
        "mime": "1.6.0",
        "ms": "2.1.1",
        "on-finished": "~2.3.0",
        "range-parser": "~1.2.1",
        "statuses": "~1.5.0"
      },
      "dependencies": {
        "ms": {
          "version": "2.1.1",
          "resolved": "https://packages.atlassian.com/api/npm/npm-remote/ms/-/ms-2.1.1.tgz",
          "integrity": "sha1-MKWGTrPrsKZvLr5tcnrwagnYbgo="
        }
      }
    },
    "serve-static": {
      "version": "1.14.1",
      "resolved": "https://packages.atlassian.com/api/npm/npm-remote/serve-static/-/serve-static-1.14.1.tgz",
      "integrity": "sha1-Zm5jbcTwEPfvKZcKiKZ0MgiYsvk=",
      "requires": {
        "encodeurl": "~1.0.2",
        "escape-html": "~1.0.3",
        "parseurl": "~1.3.3",
        "send": "0.17.1"
      }
    },
    "setprototypeof": {
      "version": "1.1.1",
      "resolved": "https://packages.atlassian.com/api/npm/npm-remote/setprototypeof/-/setprototypeof-1.1.1.tgz",
      "integrity": "sha1-fpWsskqpL1iF4KvvW6ExMw1K5oM="
    },
    "socket.io": {
      "version": "4.1.3",
      "resolved": "https://packages.atlassian.com/api/npm/npm-remote/socket.io/-/socket.io-4.1.3.tgz",
      "integrity": "sha1-0RQyjvJ6sxuIlhF5KVnD+m1QJQA=",
      "requires": {
        "@types/cookie": "^0.4.0",
        "@types/cors": "^2.8.10",
        "@types/node": ">=10.0.0",
        "accepts": "~1.3.4",
        "base64id": "~2.0.0",
        "debug": "~4.3.1",
        "engine.io": "~5.1.1",
        "socket.io-adapter": "~2.3.1",
        "socket.io-parser": "~4.0.4"
      },
      "dependencies": {
        "debug": {
          "version": "4.3.2",
          "resolved": "https://packages.atlassian.com/api/npm/npm-remote/debug/-/debug-4.3.2.tgz",
          "integrity": "sha1-8KScGKyHeeMdSgxgKd+3aHPHQos=",
          "requires": {
            "ms": "2.1.2"
          }
        },
        "ms": {
          "version": "2.1.2",
          "resolved": "https://packages.atlassian.com/api/npm/npm-remote/ms/-/ms-2.1.2.tgz",
          "integrity": "sha1-0J0fNXtEP0kzgqjrPM0YOHKuYAk="
        }
      }
    },
    "socket.io-adapter": {
      "version": "2.3.1",
      "resolved": "https://packages.atlassian.com/api/npm/npm-remote/socket.io-adapter/-/socket.io-adapter-2.3.1.tgz",
      "integrity": "sha1-pEJyDLCaSCPPuBKH3aH5tS1MzbI="
    },
    "socket.io-client": {
      "version": "4.1.3",
      "resolved": "https://packages.atlassian.com/api/npm/npm-remote/socket.io-client/-/socket.io-client-4.1.3.tgz",
      "integrity": "sha1-I22qZCqfIpky4AtyIehDv3QjKmI=",
      "requires": {
        "@types/component-emitter": "^1.2.10",
        "backo2": "~1.0.2",
        "component-emitter": "~1.3.0",
        "debug": "~4.3.1",
        "engine.io-client": "~5.1.2",
        "parseuri": "0.0.6",
        "socket.io-parser": "~4.0.4"
      },
      "dependencies": {
        "debug": {
          "version": "4.3.2",
          "resolved": "https://packages.atlassian.com/api/npm/npm-remote/debug/-/debug-4.3.2.tgz",
          "integrity": "sha1-8KScGKyHeeMdSgxgKd+3aHPHQos=",
          "requires": {
            "ms": "2.1.2"
          }
        },
        "ms": {
          "version": "2.1.2",
          "resolved": "https://packages.atlassian.com/api/npm/npm-remote/ms/-/ms-2.1.2.tgz",
          "integrity": "sha1-0J0fNXtEP0kzgqjrPM0YOHKuYAk="
        }
      }
    },
    "socket.io-parser": {
      "version": "4.0.4",
      "resolved": "https://packages.atlassian.com/api/npm/npm-remote/socket.io-parser/-/socket.io-parser-4.0.4.tgz",
      "integrity": "sha1-nqIbDWFQjRgZbvBKLGuatjD0wrA=",
      "requires": {
        "@types/component-emitter": "^1.2.10",
        "component-emitter": "~1.3.0",
        "debug": "~4.3.1"
      },
      "dependencies": {
        "debug": {
          "version": "4.3.2",
          "resolved": "https://packages.atlassian.com/api/npm/npm-remote/debug/-/debug-4.3.2.tgz",
          "integrity": "sha1-8KScGKyHeeMdSgxgKd+3aHPHQos=",
          "requires": {
            "ms": "2.1.2"
          }
        },
        "ms": {
          "version": "2.1.2",
          "resolved": "https://packages.atlassian.com/api/npm/npm-remote/ms/-/ms-2.1.2.tgz",
          "integrity": "sha1-0J0fNXtEP0kzgqjrPM0YOHKuYAk="
        }
      }
    },
    "source-map": {
      "version": "0.6.1",
      "resolved": "https://packages.atlassian.com/api/npm/npm-remote/source-map/-/source-map-0.6.1.tgz",
      "integrity": "sha1-dHIq8y6WFOnCh6jQu95IteLxomM=",
      "dev": true
    },
    "source-map-support": {
      "version": "0.5.19",
      "resolved": "https://packages.atlassian.com/api/npm/npm-remote/source-map-support/-/source-map-support-0.5.19.tgz",
      "integrity": "sha1-qYti+G3K9PZzmWSMCFKRq56P7WE=",
      "dev": true,
      "requires": {
        "buffer-from": "^1.0.0",
        "source-map": "^0.6.0"
      }
    },
    "statuses": {
      "version": "1.5.0",
      "resolved": "https://packages.atlassian.com/api/npm/npm-remote/statuses/-/statuses-1.5.0.tgz",
      "integrity": "sha1-Fhx9rBd2Wf2YEfQ3cfqZOBR4Yow="
    },
    "toidentifier": {
      "version": "1.0.0",
      "resolved": "https://packages.atlassian.com/api/npm/npm-remote/toidentifier/-/toidentifier-1.0.0.tgz",
      "integrity": "sha1-fhvjRw8ed5SLxD2Uo8j013UrpVM="
    },
    "ts-node": {
      "version": "10.1.0",
      "resolved": "https://packages.atlassian.com/api/npm/npm-remote/ts-node/-/ts-node-10.1.0.tgz",
      "integrity": "sha1-5lbYrTthEGk4qGf2nDmoum78lm4=",
      "dev": true,
      "requires": {
        "@tsconfig/node10": "^1.0.7",
        "@tsconfig/node12": "^1.0.7",
        "@tsconfig/node14": "^1.0.0",
        "@tsconfig/node16": "^1.0.1",
        "arg": "^4.1.0",
        "create-require": "^1.1.0",
        "diff": "^4.0.1",
        "make-error": "^1.1.1",
        "source-map-support": "^0.5.17",
        "yn": "3.1.1"
      }
    },
    "type-is": {
      "version": "1.6.18",
      "resolved": "https://packages.atlassian.com/api/npm/npm-remote/type-is/-/type-is-1.6.18.tgz",
      "integrity": "sha1-TlUs0F3wlGfcvE73Od6J8s83wTE=",
      "requires": {
        "media-typer": "0.3.0",
        "mime-types": "~2.1.24"
      }
    },
    "typescript": {
      "version": "4.3.5",
      "resolved": "https://packages.atlassian.com/api/npm/npm-remote/typescript/-/typescript-4.3.5.tgz",
      "integrity": "sha1-TRw3zBbok5c8RaBohrcRMjTxGfQ=",
      "dev": true
    },
    "unpipe": {
      "version": "1.0.0",
      "resolved": "https://packages.atlassian.com/api/npm/npm-remote/unpipe/-/unpipe-1.0.0.tgz",
      "integrity": "sha1-sr9O6FFKrmFltIF4KdIbLvSZBOw="
    },
    "utils-merge": {
      "version": "1.0.1",
      "resolved": "https://packages.atlassian.com/api/npm/npm-remote/utils-merge/-/utils-merge-1.0.1.tgz",
      "integrity": "sha1-n5VxD1CiZ5R7LMwSR0HBAoQn5xM="
    },
    "vary": {
      "version": "1.1.2",
      "resolved": "https://packages.atlassian.com/api/npm/npm-remote/vary/-/vary-1.1.2.tgz",
      "integrity": "sha1-IpnwLG3tMNSllhsLn3RSShj2NPw="
    },
    "ws": {
      "version": "7.4.6",
      "resolved": "https://packages.atlassian.com/api/npm/npm-remote/ws/-/ws-7.4.6.tgz",
      "integrity": "sha1-VlTKjs3u5HwzqaS/bSjivimAN3w="
    },
    "yeast": {
      "version": "0.1.2",
      "resolved": "https://packages.atlassian.com/api/npm/npm-remote/yeast/-/yeast-0.1.2.tgz",
      "integrity": "sha1-AI4G2AlDIMNy28L47XagymyKxBk="
    },
    "yn": {
      "version": "3.1.1",
      "resolved": "https://packages.atlassian.com/api/npm/npm-remote/yn/-/yn-3.1.1.tgz",
      "integrity": "sha1-HodAGgnXZ8HV6rJqbkwYUYLS61A=",
      "dev": true
    }
  }
}
